{
  "originHash" : "d37bb5f33f566b2405a84edbd0c48bcb03df9d77a194f29a090b64da2efb8ca1",
  "pins" : [
    {
      "identity" : "adjust_signature_sdk",
      "kind" : "remoteSourceControl",
      "location" : "https://github.com/adjust/adjust_signature_sdk.git",
      "state" : {
        "revision" : "93c40d7fa27b709a81adc50e41b400ce4411c7ff",
        "version" : "3.35.2"
      }
    },
    {
      "identity" : "ios_sdk",
      "kind" : "remoteSourceControl",
      "location" : "https://github.com/adjust/ios_sdk",
      "state" : {
        "revision" : "96e1b62c6220355ae1e579432ef83dbc4d25a87c",
        "version" : "5.0.2"
      }
    },
    {
      "identity" : "lottie-ios",
      "kind" : "remoteSourceControl",
      "location" : "https://github.com/airbnb/lottie-ios",
      "state" : {
        "revision" : "047aa81b77adcbf583a966dfef620d17650cc656",
        "version" : "4.5.1"
      }
    },
    {
      "identity" : "push-ios",
      "kind" : "remoteSourceControl",
      "location" : "https://github.com/Telefonica/push-ios",
      "state" : {
        "revision" : "0b44badaa1ec42982e616d627c8def8f671f50e3",
        "version" : "1.0.0"
      }
    },
    {
      "identity" : "qualtrics-digital-ios-sdk",
      "kind" : "remoteSourceControl",
      "location" : "https://github.com/qualtrics/qualtrics-digital-ios-sdk",
      "state" : {
        "revision" : "f627d3d1620e527ff747648e6106b91bc2ec0437",
        "version" : "2.25.0"
      }
    },
    {
      "identity" : "swift-custom-dump",
      "kind" : "remoteSourceControl",
      "location" : "https://github.com/pointfreeco/swift-custom-dump",
      "state" : {
        "revision" : "82645ec760917961cfa08c9c0c7104a57a0fa4b1",
        "version" : "1.3.3"
      }
    },
    {
      "identity" : "swift-snapshot-testing",
      "kind" : "remoteSourceControl",
      "location" : "https://github.com/pointfreeco/swift-snapshot-testing",
      "state" : {
        "revision" : "f5bfff796ee8e3bc9a685b7ffba1bf20663eb370"
      }
    },
    {
      "identity" : "swift-syntax",
      "kind" : "remoteSourceControl",
      "location" : "https://github.com/swiftlang/swift-syntax",
      "state" : {
        "revision" : "0687f71944021d616d34d922343dcef086855920",
        "version" : "600.0.1"
      }
    },
    {
      "identity" : "usercentrics-spm-sdk",
      "kind" : "remoteSourceControl",
      "location" : "https://bitbucket.org/usercentricscode/usercentrics-spm-sdk",
      "state" : {
        "revision" : "b5de48f1613a0c4e5e9d3e630179aa209ff04207",
        "version" : "2.18.5"
      }
    },
    {
      "identity" : "usercentrics-spm-ui",
      "kind" : "remoteSourceControl",
      "location" : "https://bitbucket.org/usercentricscode/usercentrics-spm-ui",
      "state" : {
        "revision" : "4ca34a4510e3d71823712625d99e1484c184f486",
        "version" : "2.18.5"
      }
    },
    {
      "identity" : "xctest-dynamic-overlay",
      "kind" : "remoteSourceControl",
      "location" : "https://github.com/pointfreeco/xctest-dynamic-overlay",
      "state" : {
        "revision" : "a3f634d1a409c7979cabc0a71b3f26ffa9fc8af1",
        "version" : "1.4.3"
      }
    }
  ],
  "version" : 3
}
